
Microsoft Visual Studio Solution File, Format Version 12.00
# Visual Studio 14
VisualStudioVersion = 14.0.24720.0
MinimumVisualStudioVersion = 10.0.40219.1
Project("{8BC9CEB8-8B4A-11D0-8D11-00A0C91BC942}") = "problem_1", "problem_1\problem_1.vcxproj", "{808D8216-3628-4B98-9EE2-7B3D806FDB3E}"
EndProject
Project("{8BC9CEB8-8B4A-11D0-8D11-00A0C91BC942}") = "problem_2", "problem_2\problem_2.vcxproj", "{5E2C4CDC-FF3C-4392-BF81-F4D8ED887920}"
EndProject
Project("{8BC9CEB8-8B4A-11D0-8D11-00A0C91BC942}") = "problem_3", "problem_3\problem_3.vcxproj", "{5C97955C-4587-4F77-89BA-0C9E892452BF}"
EndProject
Global
	GlobalSection(SolutionConfigurationPlatforms) = preSolution
		Debug|x64 = Debug|x64
		Debug|x86 = Debug|x86
		Release|x64 = Release|x64
		Release|x86 = Release|x86
	EndGlobalSection
	GlobalSection(ProjectConfigurationPlatforms) = postSolution
		{808D8216-3628-4B98-9EE2-7B3D806FDB3E}.Debug|x64.ActiveCfg = Debug|x64
		{808D8216-3628-4B98-9EE2-7B3D806FDB3E}.Debug|x64.Build.0 = Debug|x64
		{808D8216-3628-4B98-9EE2-7B3D806FDB3E}.Debug|x86.ActiveCfg = Debug|Win32
		{808D8216-3628-4B98-9EE2-7B3D806FDB3E}.Debug|x86.Build.0 = Debug|Win32
		{808D8216-3628-4B98-9EE2-7B3D806FDB3E}.Release|x64.ActiveCfg = Release|x64
		{808D8216-3628-4B98-9EE2-7B3D806FDB3E}.Release|x64.Build.0 = Release|x64
		{808D8216-3628-4B98-9EE2-7B3D806FDB3E}.Release|x86.ActiveCfg = Release|Win32
		{808D8216-3628-4B98-9EE2-7B3D806FDB3E}.Release|x86.Build.0 = Release|Win32
		{5E2C4CDC-FF3C-4392-BF81-F4D8ED887920}.Debug|x64.ActiveCfg = Debug|x64
		{5E2C4CDC-FF3C-4392-BF81-F4D8ED887920}.Debug|x64.Build.0 = Debug|x64
		{5E2C4CDC-FF3C-4392-BF81-F4D8ED887920}.Debug|x86.ActiveCfg = Debug|Win32
		{5E2C4CDC-FF3C-4392-BF81-F4D8ED887920}.Debug|x86.Build.0 = Debug|Win32
		{5E2C4CDC-FF3C-4392-BF81-F4D8ED887920}.Release|x64.ActiveCfg = Release|x64
		{5E2C4CDC-FF3C-4392-BF81-F4D8ED887920}.Release|x64.Build.0 = Release|x64
		{5E2C4CDC-FF3C-4392-BF81-F4D8ED887920}.Release|x86.ActiveCfg = Release|Win32
		{5E2C4CDC-FF3C-4392-BF81-F4D8ED887920}.Release|x86.Build.0 = Release|Win32
		{5C97955C-4587-4F77-89BA-0C9E892452BF}.Debug|x64.ActiveCfg = Debug|x64
		{5C97955C-4587-4F77-89BA-0C9E892452BF}.Debug|x64.Build.0 = Debug|x64
		{5C97955C-4587-4F77-89BA-0C9E892452BF}.Debug|x86.ActiveCfg = Debug|Win32
		{5C97955C-4587-4F77-89BA-0C9E892452BF}.Debug|x86.Build.0 = Debug|Win32
		{5C97955C-4587-4F77-89BA-0C9E892452BF}.Release|x64.ActiveCfg = Release|x64
		{5C97955C-4587-4F77-89BA-0C9E892452BF}.Release|x64.Build.0 = Release|x64
		{5C97955C-4587-4F77-89BA-0C9E892452BF}.Release|x86.ActiveCfg = Release|Win32
		{5C97955C-4587-4F77-89BA-0C9E892452BF}.Release|x86.Build.0 = Release|Win32
	EndGlobalSection
	GlobalSection(SolutionProperties) = preSolution
		HideSolutionNode = FALSE
	EndGlobalSection
EndGlobal
